
Microsoft Visual Studio Solution File, Format Version 12.00
# Visual Studio 15
VisualStudioVersion = 15.0.28010.2026
MinimumVisualStudioVersion = 10.0.40219.1
Project("{FAE04EC0-301F-11D3-BF4B-00C04F79EFBC}") = "WebAppDocker", "WebAppDocker\WebAppDocker.csproj", "{C752AAC8-663C-4960-9B2C-B9B6B9582CE3}"
EndProject
Global
	GlobalSection(SolutionConfigurationPlatforms) = preSolution
		Debug|Any CPU = Debug|Any CPU
		Release|Any CPU = Release|Any CPU
	EndGlobalSection
	GlobalSection(ProjectConfigurationPlatforms) = postSolution
		{C752AAC8-663C-4960-9B2C-B9B6B9582CE3}.Debug|Any CPU.ActiveCfg = Debug|Any CPU
		{C752AAC8-663C-4960-9B2C-B9B6B9582CE3}.Debug|Any CPU.Build.0 = Debug|Any CPU
		{C752AAC8-663C-4960-9B2C-B9B6B9582CE3}.Release|Any CPU.ActiveCfg = Release|Any CPU
		{C752AAC8-663C-4960-9B2C-B9B6B9582CE3}.Release|Any CPU.Build.0 = Release|Any CPU
	EndGlobalSection
	GlobalSection(SolutionProperties) = preSolution
		HideSolutionNode = FALSE
	EndGlobalSection
	GlobalSection(ExtensibilityGlobals) = postSolution
		SolutionGuid = {216B8BA3-EB7D-409B-88EA-26DA1D222400}
	EndGlobalSection
EndGlobal
